
Microsoft Visual Studio Solution File, Format Version 12.00
# Visual Studio Version 16
VisualStudioVersion = 16.0.31321.278
MinimumVisualStudioVersion = 10.0.40219.1
Project("{FAE04EC0-301F-11D3-BF4B-00C04F79EFBC}") = "DDF.Api", "DDF.Api\DDF.Api.csproj", "{8CFA090A-058A-409E-9A74-ED532104175E}"
EndProject
Project("{9A19103F-16F7-4668-BE54-9A1E7A4F7556}") = "DDF.Common", "DDF.Common\DDF.Common.csproj", "{2C29F64E-49CA-41B5-8911-1F32D6F7FC62}"
EndProject
Project("{FAE04EC0-301F-11D3-BF4B-00C04F79EFBC}") = "DDF.Services.Contract", "DDF.Services.Contract\DDF.Services.Contract.csproj", "{67CD0433-8521-4563-BEEC-B3855312C378}"
EndProject
Project("{FAE04EC0-301F-11D3-BF4B-00C04F79EFBC}") = "DDF.Services.Default", "DDF.Services.Default\DDF.Services.Default.csproj", "{093BF5C4-4EEE-45A9-8D9C-A52ECDE5E0DA}"
EndProject
Project("{FAE04EC0-301F-11D3-BF4B-00C04F79EFBC}") = "DDF.Test", "DDF.Test\DDF.Test.csproj", "{241301F2-9EF1-4376-955B-BA4B223741E1}"
EndProject
Global
	GlobalSection(SolutionConfigurationPlatforms) = preSolution
		Debug|Any CPU = Debug|Any CPU
		Release|Any CPU = Release|Any CPU
	EndGlobalSection
	GlobalSection(ProjectConfigurationPlatforms) = postSolution
		{8CFA090A-058A-409E-9A74-ED532104175E}.Debug|Any CPU.ActiveCfg = Debug|Any CPU
		{8CFA090A-058A-409E-9A74-ED532104175E}.Debug|Any CPU.Build.0 = Debug|Any CPU
		{8CFA090A-058A-409E-9A74-ED532104175E}.Release|Any CPU.ActiveCfg = Release|Any CPU
		{8CFA090A-058A-409E-9A74-ED532104175E}.Release|Any CPU.Build.0 = Release|Any CPU
		{2C29F64E-49CA-41B5-8911-1F32D6F7FC62}.Debug|Any CPU.ActiveCfg = Debug|Any CPU
		{2C29F64E-49CA-41B5-8911-1F32D6F7FC62}.Debug|Any CPU.Build.0 = Debug|Any CPU
		{2C29F64E-49CA-41B5-8911-1F32D6F7FC62}.Release|Any CPU.ActiveCfg = Release|Any CPU
		{2C29F64E-49CA-41B5-8911-1F32D6F7FC62}.Release|Any CPU.Build.0 = Release|Any CPU
		{67CD0433-8521-4563-BEEC-B3855312C378}.Debug|Any CPU.ActiveCfg = Debug|Any CPU
		{67CD0433-8521-4563-BEEC-B3855312C378}.Debug|Any CPU.Build.0 = Debug|Any CPU
		{67CD0433-8521-4563-BEEC-B3855312C378}.Release|Any CPU.ActiveCfg = Release|Any CPU
		{67CD0433-8521-4563-BEEC-B3855312C378}.Release|Any CPU.Build.0 = Release|Any CPU
		{093BF5C4-4EEE-45A9-8D9C-A52ECDE5E0DA}.Debug|Any CPU.ActiveCfg = Debug|Any CPU
		{093BF5C4-4EEE-45A9-8D9C-A52ECDE5E0DA}.Debug|Any CPU.Build.0 = Debug|Any CPU
		{093BF5C4-4EEE-45A9-8D9C-A52ECDE5E0DA}.Release|Any CPU.ActiveCfg = Release|Any CPU
		{093BF5C4-4EEE-45A9-8D9C-A52ECDE5E0DA}.Release|Any CPU.Build.0 = Release|Any CPU
		{241301F2-9EF1-4376-955B-BA4B223741E1}.Debug|Any CPU.ActiveCfg = Debug|Any CPU
		{241301F2-9EF1-4376-955B-BA4B223741E1}.Debug|Any CPU.Build.0 = Debug|Any CPU
		{241301F2-9EF1-4376-955B-BA4B223741E1}.Release|Any CPU.ActiveCfg = Release|Any CPU
		{241301F2-9EF1-4376-955B-BA4B223741E1}.Release|Any CPU.Build.0 = Release|Any CPU
	EndGlobalSection
	GlobalSection(SolutionProperties) = preSolution
		HideSolutionNode = FALSE
	EndGlobalSection
	GlobalSection(ExtensibilityGlobals) = postSolution
		SolutionGuid = {837782DC-1382-4C1C-AE4B-51758B187026}
	EndGlobalSection
EndGlobal
